
Microsoft Visual Studio Solution File, Format Version 12.00
# Visual Studio 15
Project("{FAE04EC0-301F-11D3-BF4B-00C04F79EFBC}") = "Assembly-CSharp", "Assembly-CSharp.csproj", "{81D2D85D-3085-5937-A872-C712C9E6799B}"
EndProject
Project("{FAE04EC0-301F-11D3-BF4B-00C04F79EFBC}") = "Assembly-CSharp-Editor", "Assembly-CSharp-Editor.csproj", "{D34131D6-4EBE-932D-72FC-62BD6F0FB5EA}"
EndProject
Global
	GlobalSection(SolutionConfigurationPlatforms) = preSolution
		Debug|Any CPU = Debug|Any CPU
		Release|Any CPU = Release|Any CPU
	EndGlobalSection
	GlobalSection(ProjectConfigurationPlatforms) = postSolution
		{81D2D85D-3085-5937-A872-C712C9E6799B}.Debug|Any CPU.ActiveCfg = Debug|Any CPU
		{81D2D85D-3085-5937-A872-C712C9E6799B}.Debug|Any CPU.Build.0 = Debug|Any CPU
		{81D2D85D-3085-5937-A872-C712C9E6799B}.Release|Any CPU.ActiveCfg = Release|Any CPU
		{81D2D85D-3085-5937-A872-C712C9E6799B}.Release|Any CPU.Build.0 = Release|Any CPU
		{D34131D6-4EBE-932D-72FC-62BD6F0FB5EA}.Debug|Any CPU.ActiveCfg = Debug|Any CPU
		{D34131D6-4EBE-932D-72FC-62BD6F0FB5EA}.Debug|Any CPU.Build.0 = Debug|Any CPU
		{D34131D6-4EBE-932D-72FC-62BD6F0FB5EA}.Release|Any CPU.ActiveCfg = Release|Any CPU
		{D34131D6-4EBE-932D-72FC-62BD6F0FB5EA}.Release|Any CPU.Build.0 = Release|Any CPU
	EndGlobalSection
	GlobalSection(SolutionProperties) = preSolution
		HideSolutionNode = FALSE
	EndGlobalSection
EndGlobal
